
Microsoft Visual Studio Solution File, Format Version 12.00
# Visual Studio Version 17
VisualStudioVersion = 17.5.33516.290
MinimumVisualStudioVersion = 10.0.40219.1
Project("{9A19103F-16F7-4668-BE54-9A1E7A4F7556}") = "Kentico.Xperience.GoogleMaps", "Kentico.Xperience.GoogleMaps\Kentico.Xperience.GoogleMaps.csproj", "{10737D48-21DF-44CF-8E7C-026C6519F9B7}"
EndProject
Project("{FAE04EC0-301F-11D3-BF4B-00C04F79EFBC}") = "Kentico.Xperience.GoogleMaps.Tests", "Kentico.Xperience.GoogleMaps.Tests\Kentico.Xperience.GoogleMaps.Tests.csproj", "{46419201-554C-4DF5-B491-0E1909853077}"
EndProject
Global
	GlobalSection(SolutionConfigurationPlatforms) = preSolution
		Debug|Any CPU = Debug|Any CPU
		Release|Any CPU = Release|Any CPU
	EndGlobalSection
	GlobalSection(ProjectConfigurationPlatforms) = postSolution
		{10737D48-21DF-44CF-8E7C-026C6519F9B7}.Debug|Any CPU.ActiveCfg = Debug|Any CPU
		{10737D48-21DF-44CF-8E7C-026C6519F9B7}.Debug|Any CPU.Build.0 = Debug|Any CPU
		{10737D48-21DF-44CF-8E7C-026C6519F9B7}.Release|Any CPU.ActiveCfg = Release|Any CPU
		{10737D48-21DF-44CF-8E7C-026C6519F9B7}.Release|Any CPU.Build.0 = Release|Any CPU
		{46419201-554C-4DF5-B491-0E1909853077}.Debug|Any CPU.ActiveCfg = Debug|Any CPU
		{46419201-554C-4DF5-B491-0E1909853077}.Debug|Any CPU.Build.0 = Debug|Any CPU
		{46419201-554C-4DF5-B491-0E1909853077}.Release|Any CPU.ActiveCfg = Release|Any CPU
		{46419201-554C-4DF5-B491-0E1909853077}.Release|Any CPU.Build.0 = Release|Any CPU
	EndGlobalSection
	GlobalSection(SolutionProperties) = preSolution
		HideSolutionNode = FALSE
	EndGlobalSection
	GlobalSection(ExtensibilityGlobals) = postSolution
		SolutionGuid = {1B2A20BC-F57B-4AAE-B1C2-E4DC52EFCAC5}
	EndGlobalSection
EndGlobal
